// !$*UTF8*$!
{
	archiveVersion = 1;
	classes = {
	};
	objectVersion = 48;
	objects = {

/* Begin PBXBuildFile section */
		9B13EDBF21E8AFF600F4D97D /* Node.swift in Sources */ = {isa = PBXBuildFile; fileRef = 9B13EDBE21E8AFF600F4D97D /* Node.swift */; };
		9B13EDC121E8D3F600F4D97D /* Minimax.swift in Sources */ = {isa = PBXBuildFile; fileRef = 9B13EDC021E8D3F600F4D97D /* Minimax.swift */; };
		9B15CA4021EF1ABE00985246 /* Main_AI.swift in Sources */ = {isa = PBXBuildFile; fileRef = 9B15CA3F21EF1ABE00985246 /* Main_AI.swift */; };
		9B18071B21F0321700295E42 /* ViewController.swift in Sources */ = {isa = PBXBuildFile; fileRef = 9B18071A21F0321700295E42 /* ViewController.swift */; };
		9B18CD8921E7358300E551D3 /* CheckMove.swift in Sources */ = {isa = PBXBuildFile; fileRef = 9B18CD8821E7358300E551D3 /* CheckMove.swift */; };
		9B82457F21FF3CB000647DC1 /* WhitePiece.png in Resources */ = {isa = PBXBuildFile; fileRef = 9B82457E21FF3CAF00647DC1 /* WhitePiece.png */; };
		9B82458121FF417000647DC1 /* RedPiece.png in Resources */ = {isa = PBXBuildFile; fileRef = 9B82458021FF417000647DC1 /* RedPiece.png */; };
		9B859A0D21D3750E0021BCDF /* AppDelegate.swift in Sources */ = {isa = PBXBuildFile; fileRef = 9B859A0C21D3750E0021BCDF /* AppDelegate.swift */; };
		9B859A0F21D3750E0021BCDF /* GameScene.sks in Resources */ = {isa = PBXBuildFile; fileRef = 9B859A0E21D3750E0021BCDF /* GameScene.sks */; };
		9B859A1121D3750E0021BCDF /* Actions.sks in Resources */ = {isa = PBXBuildFile; fileRef = 9B859A1021D3750E0021BCDF /* Actions.sks */; };
		9B859A1321D3750E0021BCDF /* GameScene.swift in Sources */ = {isa = PBXBuildFile; fileRef = 9B859A1221D3750E0021BCDF /* GameScene.swift */; };
		9B859A1521D3750E0021BCDF /* GameViewController.swift in Sources */ = {isa = PBXBuildFile; fileRef = 9B859A1421D3750E0021BCDF /* GameViewController.swift */; };
		9B859A1821D3750E0021BCDF /* Main.storyboard in Resources */ = {isa = PBXBuildFile; fileRef = 9B859A1621D3750E0021BCDF /* Main.storyboard */; };
		9B859A1A21D3750E0021BCDF /* Assets.xcassets in Resources */ = {isa = PBXBuildFile; fileRef = 9B859A1921D3750E0021BCDF /* Assets.xcassets */; };
		9B859A1D21D3750E0021BCDF /* LaunchScreen.storyboard in Resources */ = {isa = PBXBuildFile; fileRef = 9B859A1B21D3750E0021BCDF /* LaunchScreen.storyboard */; };
		9B859A2821D3750E0021BCDF /* CheckersTests.swift in Sources */ = {isa = PBXBuildFile; fileRef = 9B859A2721D3750E0021BCDF /* CheckersTests.swift */; };
		9B859A3321D3750E0021BCDF /* CheckersUITests.swift in Sources */ = {isa = PBXBuildFile; fileRef = 9B859A3221D3750E0021BCDF /* CheckersUITests.swift */; };
		9BAFFA9721E657E8004FBF3D /* Board.swift in Sources */ = {isa = PBXBuildFile; fileRef = 9BAFFA9621E657E8004FBF3D /* Board.swift */; };
		9BAFFA9921E65F20004FBF3D /* Coordinate.swift in Sources */ = {isa = PBXBuildFile; fileRef = 9BAFFA9821E65F20004FBF3D /* Coordinate.swift */; };
		9BF5214F21DA0E3B00D2D3F7 /* Piece.swift in Sources */ = {isa = PBXBuildFile; fileRef = 9BF5214E21DA0E3B00D2D3F7 /* Piece.swift */; };
/* End PBXBuildFile section */

/* Begin PBXContainerItemProxy section */
		9B859A2421D3750E0021BCDF /* PBXContainerItemProxy */ = {
			isa = PBXContainerItemProxy;
			containerPortal = 9B859A0121D3750E0021BCDF /* Project object */;
			proxyType = 1;
			remoteGlobalIDString = 9B859A0821D3750E0021BCDF;
			remoteInfo = Checkers;
		};
		9B859A2F21D3750E0021BCDF /* PBXContainerItemProxy */ = {
			isa = PBXContainerItemProxy;
			containerPortal = 9B859A0121D3750E0021BCDF /* Project object */;
			proxyType = 1;
			remoteGlobalIDString = 9B859A0821D3750E0021BCDF;
			remoteInfo = Checkers;
		};
/* End PBXContainerItemProxy section */

/* Begin PBXFileReference section */
		9B13EDBE21E8AFF600F4D97D /* Node.swift */ = {isa = PBXFileReference; lastKnownFileType = sourcecode.swift; path = Node.swift; sourceTree = "<group>"; };
		9B13EDC021E8D3F600F4D97D /* Minimax.swift */ = {isa = PBXFileReference; lastKnownFileType = sourcecode.swift; path = Minimax.swift; sourceTree = "<group>"; };
		9B15CA3F21EF1ABE00985246 /* Main_AI.swift */ = {isa = PBXFileReference; lastKnownFileType = sourcecode.swift; path = Main_AI.swift; sourceTree = "<group>"; };
		9B18071A21F0321700295E42 /* ViewController.swift */ = {isa = PBXFileReference; lastKnownFileType = sourcecode.swift; path = ViewController.swift; sourceTree = "<group>"; };
		9B18CD8821E7358300E551D3 /* CheckMove.swift */ = {isa = PBXFileReference; lastKnownFileType = sourcecode.swift; path = CheckMove.swift; sourceTree = "<group>"; };
		9B82457E21FF3CAF00647DC1 /* WhitePiece.png */ = {isa = PBXFileReference; lastKnownFileType = image.png; path = WhitePiece.png; sourceTree = "<group>"; };
		9B82458021FF417000647DC1 /* RedPiece.png */ = {isa = PBXFileReference; lastKnownFileType = image.png; path = RedPiece.png; sourceTree = "<group>"; };
		9B859A0921D3750E0021BCDF /* Checkers.app */ = {isa = PBXFileReference; explicitFileType = wrapper.application; includeInIndex = 0; path = Checkers.app; sourceTree = BUILT_PRODUCTS_DIR; };
		9B859A0C21D3750E0021BCDF /* AppDelegate.swift */ = {isa = PBXFileReference; lastKnownFileType = sourcecode.swift; path = AppDelegate.swift; sourceTree = "<group>"; };
		9B859A0E21D3750E0021BCDF /* GameScene.sks */ = {isa = PBXFileReference; lastKnownFileType = file.sks; path = GameScene.sks; sourceTree = "<group>"; };
		9B859A1021D3750E0021BCDF /* Actions.sks */ = {isa = PBXFileReference; lastKnownFileType = file.sks; path = Actions.sks; sourceTree = "<group>"; };
		9B859A1221D3750E0021BCDF /* GameScene.swift */ = {isa = PBXFileReference; lastKnownFileType = sourcecode.swift; path = GameScene.swift; sourceTree = "<group>"; };
		9B859A1421D3750E0021BCDF /* GameViewController.swift */ = {isa = PBXFileReference; lastKnownFileType = sourcecode.swift; path = GameViewController.swift; sourceTree = "<group>"; };
		9B859A1721D3750E0021BCDF /* Base */ = {isa = PBXFileReference; lastKnownFileType = file.storyboard; name = Base; path = Base.lproj/Main.storyboard; sourceTree = "<group>"; };
		9B859A1921D3750E0021BCDF /* Assets.xcassets */ = {isa = PBXFileReference; lastKnownFileType = folder.assetcatalog; path = Assets.xcassets; sourceTree = "<group>"; };
		9B859A1C21D3750E0021BCDF /* Base */ = {isa = PBXFileReference; lastKnownFileType = file.storyboard; name = Base; path = Base.lproj/LaunchScreen.storyboard; sourceTree = "<group>"; };
		9B859A1E21D3750E0021BCDF /* Info.plist */ = {isa = PBXFileReference; lastKnownFileType = text.plist.xml; path = Info.plist; sourceTree = "<group>"; };
		9B859A2321D3750E0021BCDF /* CheckersTests.xctest */ = {isa = PBXFileReference; explicitFileType = wrapper.cfbundle; includeInIndex = 0; path = CheckersTests.xctest; sourceTree = BUILT_PRODUCTS_DIR; };
		9B859A2721D3750E0021BCDF /* CheckersTests.swift */ = {isa = PBXFileReference; lastKnownFileType = sourcecode.swift; path = CheckersTests.swift; sourceTree = "<group>"; };
		9B859A2921D3750E0021BCDF /* Info.plist */ = {isa = PBXFileReference; lastKnownFileType = text.plist.xml; path = Info.plist; sourceTree = "<group>"; };
		9B859A2E21D3750E0021BCDF /* CheckersUITests.xctest */ = {isa = PBXFileReference; explicitFileType = wrapper.cfbundle; includeInIndex = 0; path = CheckersUITests.xctest; sourceTree = BUILT_PRODUCTS_DIR; };
		9B859A3221D3750E0021BCDF /* CheckersUITests.swift */ = {isa = PBXFileReference; lastKnownFileType = sourcecode.swift; path = CheckersUITests.swift; sourceTree = "<group>"; };
		9B859A3421D3750E0021BCDF /* Info.plist */ = {isa = PBXFileReference; lastKnownFileType = text.plist.xml; path = Info.plist; sourceTree = "<group>"; };
		9BAFFA9621E657E8004FBF3D /* Board.swift */ = {isa = PBXFileReference; lastKnownFileType = sourcecode.swift; path = Board.swift; sourceTree = "<group>"; };
		9BAFFA9821E65F20004FBF3D /* Coordinate.swift */ = {isa = PBXFileReference; lastKnownFileType = sourcecode.swift; path = Coordinate.swift; sourceTree = "<group>"; };
		9BF5214E21DA0E3B00D2D3F7 /* Piece.swift */ = {isa = PBXFileReference; lastKnownFileType = sourcecode.swift; path = Piece.swift; sourceTree = "<group>"; };
		9BF5215021DA135400D2D3F7 /* log.h */ = {isa = PBXFileReference; lastKnownFileType = sourcecode.c.h; path = log.h; sourceTree = "<group>"; };
/* End PBXFileReference section */

/* Begin PBXFrameworksBuildPhase section */
		9B859A0621D3750E0021BCDF /* Frameworks */ = {
			isa = PBXFrameworksBuildPhase;
			buildActionMask = 2147483647;
			files = (
			);
			runOnlyForDeploymentPostprocessing = 0;
		};
		9B859A2021D3750E0021BCDF /* Frameworks */ = {
			isa = PBXFrameworksBuildPhase;
			buildActionMask = 2147483647;
			files = (
			);
			runOnlyForDeploymentPostprocessing = 0;
		};
		9B859A2B21D3750E0021BCDF /* Frameworks */ = {
			isa = PBXFrameworksBuildPhase;
			buildActionMask = 2147483647;
			files = (
			);
			runOnlyForDeploymentPostprocessing = 0;
		};
/* End PBXFrameworksBuildPhase section */

/* Begin PBXGroup section */
		9B18071921F031AE00295E42 /* ViewController */ = {
			isa = PBXGroup;
			children = (
				9B18071A21F0321700295E42 /* ViewController.swift */,
			);
			path = ViewController;
			sourceTree = "<group>";
		};
		9B82457D21FF3BFB00647DC1 /* Assets */ = {
			isa = PBXGroup;
			children = (
				9B82458021FF417000647DC1 /* RedPiece.png */,
				9B82457E21FF3CAF00647DC1 /* WhitePiece.png */,
			);
			path = Assets;
			sourceTree = "<group>";
		};
		9B859A0021D3750E0021BCDF = {
			isa = PBXGroup;
			children = (
				9B859A0B21D3750E0021BCDF /* Checkers */,
				9B859A2621D3750E0021BCDF /* CheckersTests */,
				9B859A3121D3750E0021BCDF /* CheckersUITests */,
				9B859A0A21D3750E0021BCDF /* Products */,
			);
			sourceTree = "<group>";
		};
		9B859A0A21D3750E0021BCDF /* Products */ = {
			isa = PBXGroup;
			children = (
				9B859A0921D3750E0021BCDF /* Checkers.app */,
				9B859A2321D3750E0021BCDF /* CheckersTests.xctest */,
				9B859A2E21D3750E0021BCDF /* CheckersUITests.xctest */,
			);
			name = Products;
			sourceTree = "<group>";
		};
		9B859A0B21D3750E0021BCDF /* Checkers */ = {
			isa = PBXGroup;
			children = (
				9B82457D21FF3BFB00647DC1 /* Assets */,
				9B18071921F031AE00295E42 /* ViewController */,
				9BF5214D21DA0DF100D2D3F7 /* Model */,
				9BF5214B21DA002800D2D3F7 /* View */,
				9B859A0C21D3750E0021BCDF /* AppDelegate.swift */,
				9B859A0E21D3750E0021BCDF /* GameScene.sks */,
				9B859A1021D3750E0021BCDF /* Actions.sks */,
				9B859A1221D3750E0021BCDF /* GameScene.swift */,
				9B859A1421D3750E0021BCDF /* GameViewController.swift */,
				9B859A1621D3750E0021BCDF /* Main.storyboard */,
				9B859A1921D3750E0021BCDF /* Assets.xcassets */,
				9B859A1B21D3750E0021BCDF /* LaunchScreen.storyboard */,
				9B859A1E21D3750E0021BCDF /* Info.plist */,
			);
			path = Checkers;
			sourceTree = "<group>";
		};
		9B859A2621D3750E0021BCDF /* CheckersTests */ = {
			isa = PBXGroup;
			children = (
				9B859A2721D3750E0021BCDF /* CheckersTests.swift */,
				9B859A2921D3750E0021BCDF /* Info.plist */,
			);
			path = CheckersTests;
			sourceTree = "<group>";
		};
		9B859A3121D3750E0021BCDF /* CheckersUITests */ = {
			isa = PBXGroup;
			children = (
				9B859A3221D3750E0021BCDF /* CheckersUITests.swift */,
				9B859A3421D3750E0021BCDF /* Info.plist */,
			);
			path = CheckersUITests;
			sourceTree = "<group>";
		};
		9BF5214B21DA002800D2D3F7 /* View */ = {
			isa = PBXGroup;
			children = (
			);
			path = View;
			sourceTree = "<group>";
		};
		9BF5214D21DA0DF100D2D3F7 /* Model */ = {
			isa = PBXGroup;
			children = (
				9BF5214E21DA0E3B00D2D3F7 /* Piece.swift */,
				9BF5215021DA135400D2D3F7 /* log.h */,
				9BAFFA9621E657E8004FBF3D /* Board.swift */,
				9BAFFA9821E65F20004FBF3D /* Coordinate.swift */,
				9B18CD8821E7358300E551D3 /* CheckMove.swift */,
				9B13EDBE21E8AFF600F4D97D /* Node.swift */,
				9B13EDC021E8D3F600F4D97D /* Minimax.swift */,
				9B15CA3F21EF1ABE00985246 /* Main_AI.swift */,
			);
			path = Model;
			sourceTree = "<group>";
		};
/* End PBXGroup section */

/* Begin PBXNativeTarget section */
		9B859A0821D3750E0021BCDF /* Checkers */ = {
			isa = PBXNativeTarget;
			buildConfigurationList = 9B859A3721D3750E0021BCDF /* Build configuration list for PBXNativeTarget "Checkers" */;
			buildPhases = (
				9B859A0521D3750E0021BCDF /* Sources */,
				9B859A0621D3750E0021BCDF /* Frameworks */,
				9B859A0721D3750E0021BCDF /* Resources */,
			);
			buildRules = (
			);
			dependencies = (
			);
			name = Checkers;
			productName = Checkers;
			productReference = 9B859A0921D3750E0021BCDF /* Checkers.app */;
			productType = "com.apple.product-type.application";
		};
		9B859A2221D3750E0021BCDF /* CheckersTests */ = {
			isa = PBXNativeTarget;
			buildConfigurationList = 9B859A3A21D3750E0021BCDF /* Build configuration list for PBXNativeTarget "CheckersTests" */;
			buildPhases = (
				9B859A1F21D3750E0021BCDF /* Sources */,
				9B859A2021D3750E0021BCDF /* Frameworks */,
				9B859A2121D3750E0021BCDF /* Resources */,
			);
			buildRules = (
			);
			dependencies = (
				9B859A2521D3750E0021BCDF /* PBXTargetDependency */,
			);
			name = CheckersTests;
			productName = CheckersTests;
			productReference = 9B859A2321D3750E0021BCDF /* CheckersTests.xctest */;
			productType = "com.apple.product-type.bundle.unit-test";
		};
		9B859A2D21D3750E0021BCDF /* CheckersUITests */ = {
			isa = PBXNativeTarget;
			buildConfigurationList = 9B859A3D21D3750E0021BCDF /* Build configuration list for PBXNativeTarget "CheckersUITests" */;
			buildPhases = (
				9B859A2A21D3750E0021BCDF /* Sources */,
				9B859A2B21D3750E0021BCDF /* Frameworks */,
				9B859A2C21D3750E0021BCDF /* Resources */,
			);
			buildRules = (
			);
			dependencies = (
				9B859A3021D3750E0021BCDF /* PBXTargetDependency */,
			);
			name = CheckersUITests;
			productName = CheckersUITests;
			productReference = 9B859A2E21D3750E0021BCDF /* CheckersUITests.xctest */;
			productType = "com.apple.product-type.bundle.ui-testing";
		};
/* End PBXNativeTarget section */

/* Begin PBXProject section */
		9B859A0121D3750E0021BCDF /* Project object */ = {
			isa = PBXProject;
			attributes = {
				LastSwiftUpdateCheck = 0920;
				LastUpgradeCheck = 0920;
				ORGANIZATIONNAME = "Khang Nguyen";
				TargetAttributes = {
					9B859A0821D3750E0021BCDF = {
						CreatedOnToolsVersion = 9.2;
						LastSwiftMigration = 0920;
						ProvisioningStyle = Automatic;
					};
					9B859A2221D3750E0021BCDF = {
						CreatedOnToolsVersion = 9.2;
						ProvisioningStyle = Automatic;
						TestTargetID = 9B859A0821D3750E0021BCDF;
					};
					9B859A2D21D3750E0021BCDF = {
						CreatedOnToolsVersion = 9.2;
						ProvisioningStyle = Automatic;
						TestTargetID = 9B859A0821D3750E0021BCDF;
					};
				};
			};
			buildConfigurationList = 9B859A0421D3750E0021BCDF /* Build configuration list for PBXProject "Checkers" */;
			compatibilityVersion = "Xcode 8.0";
			developmentRegion = en;
			hasScannedForEncodings = 0;
			knownRegions = (
				en,
				Base,
			);
			mainGroup = 9B859A0021D3750E0021BCDF;
			productRefGroup = 9B859A0A21D3750E0021BCDF /* Products */;
			projectDirPath = "";
			projectRoot = "";
			targets = (
				9B859A0821D3750E0021BCDF /* Checkers */,
				9B859A2221D3750E0021BCDF /* CheckersTests */,
				9B859A2D21D3750E0021BCDF /* CheckersUITests */,
			);
		};
/* End PBXProject section */

/* Begin PBXResourcesBuildPhase section */
		9B859A0721D3750E0021BCDF /* Resources */ = {
			isa = PBXResourcesBuildPhase;
			buildActionMask = 2147483647;
			files = (
				9B82458121FF417000647DC1 /* RedPiece.png in Resources */,
				9B82457F21FF3CB000647DC1 /* WhitePiece.png in Resources */,
				9B859A1821D3750E0021BCDF /* Main.storyboard in Resources */,
				9B859A0F21D3750E0021BCDF /* GameScene.sks in Resources */,
				9B859A1A21D3750E0021BCDF /* Assets.xcassets in Resources */,
				9B859A1D21D3750E0021BCDF /* LaunchScreen.storyboard in Resources */,
				9B859A1121D3750E0021BCDF /* Actions.sks in Resources */,
			);
			runOnlyForDeploymentPostprocessing = 0;
		};
		9B859A2121D3750E0021BCDF /* Resources */ = {
			isa = PBXResourcesBuildPhase;
			buildActionMask = 2147483647;
			files = (
			);
			runOnlyForDeploymentPostprocessing = 0;
		};
		9B859A2C21D3750E0021BCDF /* Resources */ = {
			isa = PBXResourcesBuildPhase;
			buildActionMask = 2147483647;
			files = (
			);
			runOnlyForDeploymentPostprocessing = 0;
		};
/* End PBXResourcesBuildPhase section */

/* Begin PBXSourcesBuildPhase section */
		9B859A0521D3750E0021BCDF /* Sources */ = {
			isa = PBXSourcesBuildPhase;
			buildActionMask = 2147483647;
			files = (
				9BAFFA9921E65F20004FBF3D /* Coordinate.swift in Sources */,
				9BF5214F21DA0E3B00D2D3F7 /* Piece.swift in Sources */,
				9B15CA4021EF1ABE00985246 /* Main_AI.swift in Sources */,
				9B13EDC121E8D3F600F4D97D /* Minimax.swift in Sources */,
				9B18CD8921E7358300E551D3 /* CheckMove.swift in Sources */,
				9B13EDBF21E8AFF600F4D97D /* Node.swift in Sources */,
				9B18071B21F0321700295E42 /* ViewController.swift in Sources */,
				9BAFFA9721E657E8004FBF3D /* Board.swift in Sources */,
				9B859A1321D3750E0021BCDF /* GameScene.swift in Sources */,
				9B859A1521D3750E0021BCDF /* GameViewController.swift in Sources */,
				9B859A0D21D3750E0021BCDF /* AppDelegate.swift in Sources */,
			);
			runOnlyForDeploymentPostprocessing = 0;
		};
		9B859A1F21D3750E0021BCDF /* Sources */ = {
			isa = PBXSourcesBuildPhase;
			buildActionMask = 2147483647;
			files = (
				9B859A2821D3750E0021BCDF /* CheckersTests.swift in Sources */,
			);
			runOnlyForDeploymentPostprocessing = 0;
		};
		9B859A2A21D3750E0021BCDF /* Sources */ = {
			isa = PBXSourcesBuildPhase;
			buildActionMask = 2147483647;
			files = (
				9B859A3321D3750E0021BCDF /* CheckersUITests.swift in Sources */,
			);
			runOnlyForDeploymentPostprocessing = 0;
		};
/* End PBXSourcesBuildPhase section */

/* Begin PBXTargetDependency section */
		9B859A2521D3750E0021BCDF /* PBXTargetDependency */ = {
			isa = PBXTargetDependency;
			target = 9B859A0821D3750E0021BCDF /* Checkers */;
			targetProxy = 9B859A2421D3750E0021BCDF /* PBXContainerItemProxy */;
		};
		9B859A3021D3750E0021BCDF /* PBXTargetDependency */ = {
			isa = PBXTargetDependency;
			target = 9B859A0821D3750E0021BCDF /* Checkers */;
			targetProxy = 9B859A2F21D3750E0021BCDF /* PBXContainerItemProxy */;
		};
/* End PBXTargetDependency section */

/* Begin PBXVariantGroup section */
		9B859A1621D3750E0021BCDF /* Main.storyboard */ = {
			isa = PBXVariantGroup;
			children = (
				9B859A1721D3750E0021BCDF /* Base */,
			);
			name = Main.storyboard;
			sourceTree = "<group>";
		};
		9B859A1B21D3750E0021BCDF /* LaunchScreen.storyboard */ = {
			isa = PBXVariantGroup;
			children = (
				9B859A1C21D3750E0021BCDF /* Base */,
			);
			name = LaunchScreen.storyboard;
			sourceTree = "<group>";
		};
/* End PBXVariantGroup section */

/* Begin XCBuildConfiguration section */
		9B859A3521D3750E0021BCDF /* Debug */ = {
			isa = XCBuildConfiguration;
			buildSettings = {
				ALWAYS_SEARCH_USER_PATHS = NO;
				CLANG_ANALYZER_NONNULL = YES;
				CLANG_ANALYZER_NUMBER_OBJECT_CONVERSION = YES_AGGRESSIVE;
				CLANG_CXX_LANGUAGE_STANDARD = "gnu++14";
				CLANG_CXX_LIBRARY = "libc++";
				CLANG_ENABLE_MODULES = YES;
				CLANG_ENABLE_OBJC_ARC = YES;
				CLANG_WARN_BLOCK_CAPTURE_AUTORELEASING = YES;
				CLANG_WARN_BOOL_CONVERSION = YES;
				CLANG_WARN_COMMA = YES;
				CLANG_WARN_CONSTANT_CONVERSION = YES;
				CLANG_WARN_DIRECT_OBJC_ISA_USAGE = YES_ERROR;
				CLANG_WARN_DOCUMENTATION_COMMENTS = YES;
				CLANG_WARN_EMPTY_BODY = YES;
				CLANG_WARN_ENUM_CONVERSION = YES;
				CLANG_WARN_INFINITE_RECURSION = YES;
				CLANG_WARN_INT_CONVERSION = YES;
				CLANG_WARN_NON_LITERAL_NULL_CONVERSION = YES;
				CLANG_WARN_OBJC_LITERAL_CONVERSION = YES;
				CLANG_WARN_OBJC_ROOT_CLASS = YES_ERROR;
				CLANG_WARN_RANGE_LOOP_ANALYSIS = YES;
				CLANG_WARN_STRICT_PROTOTYPES = YES;
				CLANG_WARN_SUSPICIOUS_MOVE = YES;
				CLANG_WARN_UNGUARDED_AVAILABILITY = YES_AGGRESSIVE;
				CLANG_WARN_UNREACHABLE_CODE = YES;
				CLANG_WARN__DUPLICATE_METHOD_MATCH = YES;
				CODE_SIGN_IDENTITY = "iPhone Developer";
				COPY_PHASE_STRIP = NO;
				DEBUG_INFORMATION_FORMAT = dwarf;
				ENABLE_STRICT_OBJC_MSGSEND = YES;
				ENABLE_TESTABILITY = YES;
				GCC_C_LANGUAGE_STANDARD = gnu11;
				GCC_DYNAMIC_NO_PIC = NO;
				GCC_NO_COMMON_BLOCKS = YES;
				GCC_OPTIMIZATION_LEVEL = 0;
				GCC_PREPROCESSOR_DEFINITIONS = (
					"DEBUG=1",
					"$(inherited)",
				);
				GCC_WARN_64_TO_32_BIT_CONVERSION = YES;
				GCC_WARN_ABOUT_RETURN_TYPE = YES_ERROR;
				GCC_WARN_UNDECLARED_SELECTOR = YES;
				GCC_WARN_UNINITIALIZED_AUTOS = YES_AGGRESSIVE;
				GCC_WARN_UNUSED_FUNCTION = YES;
				GCC_WARN_UNUSED_VARIABLE = YES;
				IPHONEOS_DEPLOYMENT_TARGET = 11.2;
				MTL_ENABLE_DEBUG_INFO = YES;
				ONLY_ACTIVE_ARCH = YES;
				SDKROOT = iphoneos;
				SWIFT_ACTIVE_COMPILATION_CONDITIONS = DEBUG;
				SWIFT_OPTIMIZATION_LEVEL = "-Onone";
			};
			name = Debug;
		};
		9B859A3621D3750E0021BCDF /* Release */ = {
			isa = XCBuildConfiguration;
			buildSettings = {
				ALWAYS_SEARCH_USER_PATHS = NO;
				CLANG_ANALYZER_NONNULL = YES;
				CLANG_ANALYZER_NUMBER_OBJECT_CONVERSION = YES_AGGRESSIVE;
				CLANG_CXX_LANGUAGE_STANDARD = "gnu++14";
				CLANG_CXX_LIBRARY = "libc++";
				CLANG_ENABLE_MODULES = YES;
				CLANG_ENABLE_OBJC_ARC = YES;
				CLANG_WARN_BLOCK_CAPTURE_AUTORELEASING = YES;
				CLANG_WARN_BOOL_CONVERSION = YES;
				CLANG_WARN_COMMA = YES;
				CLANG_WARN_CONSTANT_CONVERSION = YES;
				CLANG_WARN_DIRECT_OBJC_ISA_USAGE = YES_ERROR;
				CLANG_WARN_DOCUMENTATION_COMMENTS = YES;
				CLANG_WARN_EMPTY_BODY = YES;
				CLANG_WARN_ENUM_CONVERSION = YES;
				CLANG_WARN_INFINITE_RECURSION = YES;
				CLANG_WARN_INT_CONVERSION = YES;
				CLANG_WARN_NON_LITERAL_NULL_CONVERSION = YES;
				CLANG_WARN_OBJC_LITERAL_CONVERSION = YES;
				CLANG_WARN_OBJC_ROOT_CLASS = YES_ERROR;
				CLANG_WARN_RANGE_LOOP_ANALYSIS = YES;
				CLANG_WARN_STRICT_PROTOTYPES = YES;
				CLANG_WARN_SUSPICIOUS_MOVE = YES;
				CLANG_WARN_UNGUARDED_AVAILABILITY = YES_AGGRESSIVE;
				CLANG_WARN_UNREACHABLE_CODE = YES;
				CLANG_WARN__DUPLICATE_METHOD_MATCH = YES;
				CODE_SIGN_IDENTITY = "iPhone Developer";
				COPY_PHASE_STRIP = NO;
				DEBUG_INFORMATION_FORMAT = "dwarf-with-dsym";
				ENABLE_NS_ASSERTIONS = NO;
				ENABLE_STRICT_OBJC_MSGSEND = YES;
				GCC_C_LANGUAGE_STANDARD = gnu11;
				GCC_NO_COMMON_BLOCKS = YES;
				GCC_WARN_64_TO_32_BIT_CONVERSION = YES;
				GCC_WARN_ABOUT_RETURN_TYPE = YES_ERROR;
				GCC_WARN_UNDECLARED_SELECTOR = YES;
				GCC_WARN_UNINITIALIZED_AUTOS = YES_AGGRESSIVE;
				GCC_WARN_UNUSED_FUNCTION = YES;
				GCC_WARN_UNUSED_VARIABLE = YES;
				IPHONEOS_DEPLOYMENT_TARGET = 11.2;
				MTL_ENABLE_DEBUG_INFO = NO;
				SDKROOT = iphoneos;
				SWIFT_OPTIMIZATION_LEVEL = "-Owholemodule";
				VALIDATE_PRODUCT = YES;
			};
			name = Release;
		};
		9B859A3821D3750E0021BCDF /* Debug */ = {
			isa = XCBuildConfiguration;
			buildSettings = {
				ASSETCATALOG_COMPILER_APPICON_NAME = AppIcon;
				CLANG_ENABLE_MODULES = YES;
				CODE_SIGN_STYLE = Automatic;
				INFOPLIST_FILE = Checkers/Info.plist;
				LD_RUNPATH_SEARCH_PATHS = "$(inherited) @executable_path/Frameworks";
				PRODUCT_BUNDLE_IDENTIFIER = Code.Checkers;
				PRODUCT_NAME = "$(TARGET_NAME)";
				SWIFT_OBJC_BRIDGING_HEADER = "Checkers/Model/Checkers-Bridging-Header.h";
				SWIFT_OPTIMIZATION_LEVEL = "-Onone";
				SWIFT_VERSION = 4.0;
				TARGETED_DEVICE_FAMILY = "1,2";
			};
			name = Debug;
		};
		9B859A3921D3750E0021BCDF /* Release */ = {
			isa = XCBuildConfiguration;
			buildSettings = {
				ASSETCATALOG_COMPILER_APPICON_NAME = AppIcon;
				CLANG_ENABLE_MODULES = YES;
				CODE_SIGN_STYLE = Automatic;
				INFOPLIST_FILE = Checkers/Info.plist;
				LD_RUNPATH_SEARCH_PATHS = "$(inherited) @executable_path/Frameworks";
				PRODUCT_BUNDLE_IDENTIFIER = Code.Checkers;
				PRODUCT_NAME = "$(TARGET_NAME)";
				SWIFT_OBJC_BRIDGING_HEADER = "Checkers/Model/Checkers-Bridging-Header.h";
				SWIFT_VERSION = 4.0;
				TARGETED_DEVICE_FAMILY = "1,2";
			};
			name = Release;
		};
		9B859A3B21D3750E0021BCDF /* Debug */ = {
			isa = XCBuildConfiguration;
			buildSettings = {
				ALWAYS_EMBED_SWIFT_STANDARD_LIBRARIES = YES;
				BUNDLE_LOADER = "$(TEST_HOST)";
				CODE_SIGN_STYLE = Automatic;
				INFOPLIST_FILE = CheckersTests/Info.plist;
				LD_RUNPATH_SEARCH_PATHS = "$(inherited) @executable_path/Frameworks @loader_path/Frameworks";
				PRODUCT_BUNDLE_IDENTIFIER = Code.CheckersTests;
				PRODUCT_NAME = "$(TARGET_NAME)";
				SWIFT_VERSION = 4.0;
				TARGETED_DEVICE_FAMILY = "1,2";
				TEST_HOST = "$(BUILT_PRODUCTS_DIR)/Checkers.app/Checkers";
			};
			name = Debug;
		};
		9B859A3C21D3750E0021BCDF /* Release */ = {
			isa = XCBuildConfiguration;
			buildSettings = {
				ALWAYS_EMBED_SWIFT_STANDARD_LIBRARIES = YES;
				BUNDLE_LOADER = "$(TEST_HOST)";
				CODE_SIGN_STYLE = Automatic;
				INFOPLIST_FILE = CheckersTests/Info.plist;
				LD_RUNPATH_SEARCH_PATHS = "$(inherited) @executable_path/Frameworks @loader_path/Frameworks";
				PRODUCT_BUNDLE_IDENTIFIER = Code.CheckersTests;
				PRODUCT_NAME = "$(TARGET_NAME)";
				SWIFT_VERSION = 4.0;
				TARGETED_DEVICE_FAMILY = "1,2";
				TEST_HOST = "$(BUILT_PRODUCTS_DIR)/Checkers.app/Checkers";
			};
			name = Release;
		};
		9B859A3E21D3750E0021BCDF /* Debug */ = {
			isa = XCBuildConfiguration;
			buildSettings = {
				ALWAYS_EMBED_SWIFT_STANDARD_LIBRARIES = YES;
				CODE_SIGN_STYLE = Automatic;
				INFOPLIST_FILE = CheckersUITests/Info.plist;
				LD_RUNPATH_SEARCH_PATHS = "$(inherited) @executable_path/Frameworks @loader_path/Frameworks";
				PRODUCT_BUNDLE_IDENTIFIER = Code.CheckersUITests;
				PRODUCT_NAME = "$(TARGET_NAME)";
				SWIFT_VERSION = 4.0;
				TARGETED_DEVICE_FAMILY = "1,2";
				TEST_TARGET_NAME = Checkers;
			};
			name = Debug;
		};
		9B859A3F21D3750E0021BCDF /* Release */ = {
			isa = XCBuildConfiguration;
			buildSettings = {
				ALWAYS_EMBED_SWIFT_STANDARD_LIBRARIES = YES;
				CODE_SIGN_STYLE = Automatic;
				INFOPLIST_FILE = CheckersUITests/Info.plist;
				LD_RUNPATH_SEARCH_PATHS = "$(inherited) @executable_path/Frameworks @loader_path/Frameworks";
				PRODUCT_BUNDLE_IDENTIFIER = Code.CheckersUITests;
				PRODUCT_NAME = "$(TARGET_NAME)";
				SWIFT_VERSION = 4.0;
				TARGETED_DEVICE_FAMILY = "1,2";
				TEST_TARGET_NAME = Checkers;
			};
			name = Release;
		};
/* End XCBuildConfiguration section */

/* Begin XCConfigurationList section */
		9B859A0421D3750E0021BCDF /* Build configuration list for PBXProject "Checkers" */ = {
			isa = XCConfigurationList;
			buildConfigurations = (
				9B859A3521D3750E0021BCDF /* Debug */,
				9B859A3621D3750E0021BCDF /* Release */,
			);
			defaultConfigurationIsVisible = 0;
			defaultConfigurationName = Release;
		};
		9B859A3721D3750E0021BCDF /* Build configuration list for PBXNativeTarget "Checkers" */ = {
			isa = XCConfigurationList;
			buildConfigurations = (
				9B859A3821D3750E0021BCDF /* Debug */,
				9B859A3921D3750E0021BCDF /* Release */,
			);
			defaultConfigurationIsVisible = 0;
			defaultConfigurationName = Release;
		};
		9B859A3A21D3750E0021BCDF /* Build configuration list for PBXNativeTarget "CheckersTests" */ = {
			isa = XCConfigurationList;
			buildConfigurations = (
				9B859A3B21D3750E0021BCDF /* Debug */,
				9B859A3C21D3750E0021BCDF /* Release */,
			);
			defaultConfigurationIsVisible = 0;
			defaultConfigurationName = Release;
		};
		9B859A3D21D3750E0021BCDF /* Build configuration list for PBXNativeTarget "CheckersUITests" */ = {
			isa = XCConfigurationList;
			buildConfigurations = (
				9B859A3E21D3750E0021BCDF /* Debug */,
				9B859A3F21D3750E0021BCDF /* Release */,
			);
			defaultConfigurationIsVisible = 0;
			defaultConfigurationName = Release;
		};
/* End XCConfigurationList section */
	};
	rootObject = 9B859A0121D3750E0021BCDF /* Project object */;
}
